
Microsoft Visual Studio Solution File, Format Version 12.00
# Visual Studio Version 17
VisualStudioVersion = 17.11.35222.181
MinimumVisualStudioVersion = 10.0.40219.1
Project("{FAE04EC0-301F-11D3-BF4B-00C04F79EFBC}") = "BevoBnB", "BevoBnB\BevoBnB.csproj", "{896F50F5-B771-4B11-9413-F82C455ABEF1}"
EndProject
Global
	GlobalSection(SolutionConfigurationPlatforms) = preSolution
		Debug|Any CPU = Debug|Any CPU
		Release|Any CPU = Release|Any CPU
	EndGlobalSection
	GlobalSection(ProjectConfigurationPlatforms) = postSolution
		{896F50F5-B771-4B11-9413-F82C455ABEF1}.Debug|Any CPU.ActiveCfg = Debug|Any CPU
		{896F50F5-B771-4B11-9413-F82C455ABEF1}.Debug|Any CPU.Build.0 = Debug|Any CPU
		{896F50F5-B771-4B11-9413-F82C455ABEF1}.Release|Any CPU.ActiveCfg = Release|Any CPU
		{896F50F5-B771-4B11-9413-F82C455ABEF1}.Release|Any CPU.Build.0 = Release|Any CPU
	EndGlobalSection
	GlobalSection(SolutionProperties) = preSolution
		HideSolutionNode = FALSE
	EndGlobalSection
	GlobalSection(ExtensibilityGlobals) = postSolution
		SolutionGuid = {120E8D00-F1AA-4817-B013-B0F7C6B4027A}
	EndGlobalSection
EndGlobal
